
Microsoft Visual Studio Solution File, Format Version 12.00
# Visual Studio 15
VisualStudioVersion = 15.0.26730.3
MinimumVisualStudioVersion = 10.0.40219.1
Project("{FAE04EC0-301F-11D3-BF4B-00C04F79EFBC}") = "Homework", "Homework\Homework.csproj", "{9DFB3087-2DBD-4090-8C7E-AD60D5515FDC}"
EndProject
Global
	GlobalSection(SolutionConfigurationPlatforms) = preSolution
		Debug|Any CPU = Debug|Any CPU
		Release|Any CPU = Release|Any CPU
	EndGlobalSection
	GlobalSection(ProjectConfigurationPlatforms) = postSolution
		{9DFB3087-2DBD-4090-8C7E-AD60D5515FDC}.Debug|Any CPU.ActiveCfg = Debug|Any CPU
		{9DFB3087-2DBD-4090-8C7E-AD60D5515FDC}.Debug|Any CPU.Build.0 = Debug|Any CPU
		{9DFB3087-2DBD-4090-8C7E-AD60D5515FDC}.Release|Any CPU.ActiveCfg = Release|Any CPU
		{9DFB3087-2DBD-4090-8C7E-AD60D5515FDC}.Release|Any CPU.Build.0 = Release|Any CPU
	EndGlobalSection
	GlobalSection(SolutionProperties) = preSolution
		HideSolutionNode = FALSE
	EndGlobalSection
	GlobalSection(ExtensibilityGlobals) = postSolution
		SolutionGuid = {17BB4687-3A8F-4EC8-BEEF-D24DC1670E0C}
	EndGlobalSection
EndGlobal
